
Microsoft Visual Studio Solution File, Format Version 12.00
# Visual Studio Version 17
VisualStudioVersion = 17.14.36401.2 d17.14
MinimumVisualStudioVersion = 10.0.40219.1
Project("{FAE04EC0-301F-11D3-BF4B-00C04F79EFBC}") = "CampusLearnApplication", "CampusLearnApplication\CampusLearnApplication.csproj", "{BD8C120D-0C25-42F9-AA3B-02760D090354}"
EndProject
Global
	GlobalSection(SolutionConfigurationPlatforms) = preSolution
		Debug|Any CPU = Debug|Any CPU
		Release|Any CPU = Release|Any CPU
	EndGlobalSection
	GlobalSection(ProjectConfigurationPlatforms) = postSolution
		{BD8C120D-0C25-42F9-AA3B-02760D090354}.Debug|Any CPU.ActiveCfg = Debug|Any CPU
		{BD8C120D-0C25-42F9-AA3B-02760D090354}.Debug|Any CPU.Build.0 = Debug|Any CPU
		{BD8C120D-0C25-42F9-AA3B-02760D090354}.Release|Any CPU.ActiveCfg = Release|Any CPU
		{BD8C120D-0C25-42F9-AA3B-02760D090354}.Release|Any CPU.Build.0 = Release|Any CPU
	EndGlobalSection
	GlobalSection(SolutionProperties) = preSolution
		HideSolutionNode = FALSE
	EndGlobalSection
	GlobalSection(ExtensibilityGlobals) = postSolution
		SolutionGuid = {B9764295-4ED3-4D6A-BD5C-D0D162761427}
	EndGlobalSection
EndGlobal
